// !$*UTF8*$!
{
	archiveVersion = 1;
	classes = {
	};
	objectVersion = 56;
	objects = {

/* Begin PBXBuildFile section */
		C12E108D296EC508006D349D /* AppDelegate.swift in Sources */ = {isa = PBXBuildFile; fileRef = C12E108C296EC508006D349D /* AppDelegate.swift */; };
		C12E108F296EC508006D349D /* SceneDelegate.swift in Sources */ = {isa = PBXBuildFile; fileRef = C12E108E296EC508006D349D /* SceneDelegate.swift */; };
		C12E1091296EC508006D349D /* LikeViewController.swift in Sources */ = {isa = PBXBuildFile; fileRef = C12E1090296EC508006D349D /* LikeViewController.swift */; };
		C12E1094296EC508006D349D /* Main.storyboard in Resources */ = {isa = PBXBuildFile; fileRef = C12E1092296EC508006D349D /* Main.storyboard */; };
		C12E1097296EC508006D349D /* Tap.xcdatamodeld in Sources */ = {isa = PBXBuildFile; fileRef = C12E1095296EC508006D349D /* Tap.xcdatamodeld */; };
		C12E1099296EC50B006D349D /* Assets.xcassets in Resources */ = {isa = PBXBuildFile; fileRef = C12E1098296EC50B006D349D /* Assets.xcassets */; };
		C12E109C296EC50B006D349D /* LaunchScreen.storyboard in Resources */ = {isa = PBXBuildFile; fileRef = C12E109A296EC50B006D349D /* LaunchScreen.storyboard */; };
		C12E10A4296ECA4A006D349D /* LikeTableViewCell.swift in Sources */ = {isa = PBXBuildFile; fileRef = C12E10A3296ECA4A006D349D /* LikeTableViewCell.swift */; };
		C12E10A6296ECBD3006D349D /* Property.swift in Sources */ = {isa = PBXBuildFile; fileRef = C12E10A5296ECBD3006D349D /* Property.swift */; };
/* End PBXBuildFile section */

/* Begin PBXFileReference section */
		C12E1089296EC508006D349D /* Tap.app */ = {isa = PBXFileReference; explicitFileType = wrapper.application; includeInIndex = 0; path = Tap.app; sourceTree = BUILT_PRODUCTS_DIR; };
		C12E108C296EC508006D349D /* AppDelegate.swift */ = {isa = PBXFileReference; lastKnownFileType = sourcecode.swift; path = AppDelegate.swift; sourceTree = "<group>"; };
		C12E108E296EC508006D349D /* SceneDelegate.swift */ = {isa = PBXFileReference; lastKnownFileType = sourcecode.swift; path = SceneDelegate.swift; sourceTree = "<group>"; };
		C12E1090296EC508006D349D /* LikeViewController.swift */ = {isa = PBXFileReference; lastKnownFileType = sourcecode.swift; path = LikeViewController.swift; sourceTree = "<group>"; };
		C12E1093296EC508006D349D /* Base */ = {isa = PBXFileReference; lastKnownFileType = file.storyboard; name = Base; path = Base.lproj/Main.storyboard; sourceTree = "<group>"; };
		C12E1096296EC508006D349D /* Tap.xcdatamodel */ = {isa = PBXFileReference; lastKnownFileType = wrapper.xcdatamodel; path = Tap.xcdatamodel; sourceTree = "<group>"; };
		C12E1098296EC50B006D349D /* Assets.xcassets */ = {isa = PBXFileReference; lastKnownFileType = folder.assetcatalog; path = Assets.xcassets; sourceTree = "<group>"; };
		C12E109B296EC50B006D349D /* Base */ = {isa = PBXFileReference; lastKnownFileType = file.storyboard; name = Base; path = Base.lproj/LaunchScreen.storyboard; sourceTree = "<group>"; };
		C12E109D296EC50C006D349D /* Info.plist */ = {isa = PBXFileReference; lastKnownFileType = text.plist.xml; path = Info.plist; sourceTree = "<group>"; };
		C12E10A3296ECA4A006D349D /* LikeTableViewCell.swift */ = {isa = PBXFileReference; lastKnownFileType = sourcecode.swift; path = LikeTableViewCell.swift; sourceTree = "<group>"; };
		C12E10A5296ECBD3006D349D /* Property.swift */ = {isa = PBXFileReference; lastKnownFileType = sourcecode.swift; path = Property.swift; sourceTree = "<group>"; };
/* End PBXFileReference section */

/* Begin PBXFrameworksBuildPhase section */
		C12E1086296EC508006D349D /* Frameworks */ = {
			isa = PBXFrameworksBuildPhase;
			buildActionMask = 2147483647;
			files = (
			);
			runOnlyForDeploymentPostprocessing = 0;
		};
/* End PBXFrameworksBuildPhase section */

/* Begin PBXGroup section */
		C12E1080296EC507006D349D = {
			isa = PBXGroup;
			children = (
				C12E108B296EC508006D349D /* Tap */,
				C12E108A296EC508006D349D /* Products */,
			);
			sourceTree = "<group>";
		};
		C12E108A296EC508006D349D /* Products */ = {
			isa = PBXGroup;
			children = (
				C12E1089296EC508006D349D /* Tap.app */,
			);
			name = Products;
			sourceTree = "<group>";
		};
		C12E108B296EC508006D349D /* Tap */ = {
			isa = PBXGroup;
			children = (
				C12E108C296EC508006D349D /* AppDelegate.swift */,
				C12E108E296EC508006D349D /* SceneDelegate.swift */,
				C12E1090296EC508006D349D /* LikeViewController.swift */,
				C12E10A3296ECA4A006D349D /* LikeTableViewCell.swift */,
				C12E10A5296ECBD3006D349D /* Property.swift */,
				C12E1092296EC508006D349D /* Main.storyboard */,
				C12E1098296EC50B006D349D /* Assets.xcassets */,
				C12E109A296EC50B006D349D /* LaunchScreen.storyboard */,
				C12E109D296EC50C006D349D /* Info.plist */,
				C12E1095296EC508006D349D /* Tap.xcdatamodeld */,
			);
			path = Tap;
			sourceTree = "<group>";
		};
/* End PBXGroup section */

/* Begin PBXNativeTarget section */
		C12E1088296EC508006D349D /* Tap */ = {
			isa = PBXNativeTarget;
			buildConfigurationList = C12E10A0296EC50C006D349D /* Build configuration list for PBXNativeTarget "Tap" */;
			buildPhases = (
				C12E1085296EC508006D349D /* Sources */,
				C12E1086296EC508006D349D /* Frameworks */,
				C12E1087296EC508006D349D /* Resources */,
			);
			buildRules = (
			);
			dependencies = (
			);
			name = Tap;
			productName = Tap;
			productReference = C12E1089296EC508006D349D /* Tap.app */;
			productType = "com.apple.product-type.application";
		};
/* End PBXNativeTarget section */

/* Begin PBXProject section */
		C12E1081296EC507006D349D /* Project object */ = {
			isa = PBXProject;
			attributes = {
				BuildIndependentTargetsInParallel = 1;
				LastSwiftUpdateCheck = 1420;
				LastUpgradeCheck = 1420;
				TargetAttributes = {
					C12E1088296EC508006D349D = {
						CreatedOnToolsVersion = 14.2;
					};
				};
			};
			buildConfigurationList = C12E1084296EC507006D349D /* Build configuration list for PBXProject "Tap" */;
			compatibilityVersion = "Xcode 14.0";
			developmentRegion = en;
			hasScannedForEncodings = 0;
			knownRegions = (
				en,
				Base,
			);
			mainGroup = C12E1080296EC507006D349D;
			productRefGroup = C12E108A296EC508006D349D /* Products */;
			projectDirPath = "";
			projectRoot = "";
			targets = (
				C12E1088296EC508006D349D /* Tap */,
			);
		};
/* End PBXProject section */

/* Begin PBXResourcesBuildPhase section */
		C12E1087296EC508006D349D /* Resources */ = {
			isa = PBXResourcesBuildPhase;
			buildActionMask = 2147483647;
			files = (
				C12E109C296EC50B006D349D /* LaunchScreen.storyboard in Resources */,
				C12E1099296EC50B006D349D /* Assets.xcassets in Resources */,
				C12E1094296EC508006D349D /* Main.storyboard in Resources */,
			);
			runOnlyForDeploymentPostprocessing = 0;
		};
/* End PBXResourcesBuildPhase section */

/* Begin PBXSourcesBuildPhase section */
		C12E1085296EC508006D349D /* Sources */ = {
			isa = PBXSourcesBuildPhase;
			buildActionMask = 2147483647;
			files = (
				C12E10A6296ECBD3006D349D /* Property.swift in Sources */,
				C12E1091296EC508006D349D /* LikeViewController.swift in Sources */,
				C12E1097296EC508006D349D /* Tap.xcdatamodeld in Sources */,
				C12E108D296EC508006D349D /* AppDelegate.swift in Sources */,
				C12E10A4296ECA4A006D349D /* LikeTableViewCell.swift in Sources */,
				C12E108F296EC508006D349D /* SceneDelegate.swift in Sources */,
			);
			runOnlyForDeploymentPostprocessing = 0;
		};
/* End PBXSourcesBuildPhase section */

/* Begin PBXVariantGroup section */
		C12E1092296EC508006D349D /* Main.storyboard */ = {
			isa = PBXVariantGroup;
			children = (
				C12E1093296EC508006D349D /* Base */,
			);
			name = Main.storyboard;
			sourceTree = "<group>";
		};
		C12E109A296EC50B006D349D /* LaunchScreen.storyboard */ = {
			isa = PBXVariantGroup;
			children = (
				C12E109B296EC50B006D349D /* Base */,
			);
			name = LaunchScreen.storyboard;
			sourceTree = "<group>";
		};
/* End PBXVariantGroup section */

/* Begin XCBuildConfiguration section */
		C12E109E296EC50C006D349D /* Debug */ = {
			isa = XCBuildConfiguration;
			buildSettings = {
				ALWAYS_SEARCH_USER_PATHS = NO;
				CLANG_ANALYZER_NONNULL = YES;
				CLANG_ANALYZER_NUMBER_OBJECT_CONVERSION = YES_AGGRESSIVE;
				CLANG_CXX_LANGUAGE_STANDARD = "gnu++20";
				CLANG_ENABLE_MODULES = YES;
				CLANG_ENABLE_OBJC_ARC = YES;
				CLANG_ENABLE_OBJC_WEAK = YES;
				CLANG_WARN_BLOCK_CAPTURE_AUTORELEASING = YES;
				CLANG_WARN_BOOL_CONVERSION = YES;
				CLANG_WARN_COMMA = YES;
				CLANG_WARN_CONSTANT_CONVERSION = YES;
				CLANG_WARN_DEPRECATED_OBJC_IMPLEMENTATIONS = YES;
				CLANG_WARN_DIRECT_OBJC_ISA_USAGE = YES_ERROR;
				CLANG_WARN_DOCUMENTATION_COMMENTS = YES;
				CLANG_WARN_EMPTY_BODY = YES;
				CLANG_WARN_ENUM_CONVERSION = YES;
				CLANG_WARN_INFINITE_RECURSION = YES;
				CLANG_WARN_INT_CONVERSION = YES;
				CLANG_WARN_NON_LITERAL_NULL_CONVERSION = YES;
				CLANG_WARN_OBJC_IMPLICIT_RETAIN_SELF = YES;
				CLANG_WARN_OBJC_LITERAL_CONVERSION = YES;
				CLANG_WARN_OBJC_ROOT_CLASS = YES_ERROR;
				CLANG_WARN_QUOTED_INCLUDE_IN_FRAMEWORK_HEADER = YES;
				CLANG_WARN_RANGE_LOOP_ANALYSIS = YES;
				CLANG_WARN_STRICT_PROTOTYPES = YES;
				CLANG_WARN_SUSPICIOUS_MOVE = YES;
				CLANG_WARN_UNGUARDED_AVAILABILITY = YES_AGGRESSIVE;
				CLANG_WARN_UNREACHABLE_CODE = YES;
				CLANG_WARN__DUPLICATE_METHOD_MATCH = YES;
				COPY_PHASE_STRIP = NO;
				DEBUG_INFORMATION_FORMAT = dwarf;
				ENABLE_STRICT_OBJC_MSGSEND = YES;
				ENABLE_TESTABILITY = YES;
				GCC_C_LANGUAGE_STANDARD = gnu11;
				GCC_DYNAMIC_NO_PIC = NO;
				GCC_NO_COMMON_BLOCKS = YES;
				GCC_OPTIMIZATION_LEVEL = 0;
				GCC_PREPROCESSOR_DEFINITIONS = (
					"DEBUG=1",
					"$(inherited)",
				);
				GCC_WARN_64_TO_32_BIT_CONVERSION = YES;
				GCC_WARN_ABOUT_RETURN_TYPE = YES_ERROR;
				GCC_WARN_UNDECLARED_SELECTOR = YES;
				GCC_WARN_UNINITIALIZED_AUTOS = YES_AGGRESSIVE;
				GCC_WARN_UNUSED_FUNCTION = YES;
				GCC_WARN_UNUSED_VARIABLE = YES;
				IPHONEOS_DEPLOYMENT_TARGET = 16.2;
				MTL_ENABLE_DEBUG_INFO = INCLUDE_SOURCE;
				MTL_FAST_MATH = YES;
				ONLY_ACTIVE_ARCH = YES;
				SDKROOT = iphoneos;
				SWIFT_ACTIVE_COMPILATION_CONDITIONS = DEBUG;
				SWIFT_OPTIMIZATION_LEVEL = "-Onone";
			};
			name = Debug;
		};
		C12E109F296EC50C006D349D /* Release */ = {
			isa = XCBuildConfiguration;
			buildSettings = {
				ALWAYS_SEARCH_USER_PATHS = NO;
				CLANG_ANALYZER_NONNULL = YES;
				CLANG_ANALYZER_NUMBER_OBJECT_CONVERSION = YES_AGGRESSIVE;
				CLANG_CXX_LANGUAGE_STANDARD = "gnu++20";
				CLANG_ENABLE_MODULES = YES;
				CLANG_ENABLE_OBJC_ARC = YES;
				CLANG_ENABLE_OBJC_WEAK = YES;
				CLANG_WARN_BLOCK_CAPTURE_AUTORELEASING = YES;
				CLANG_WARN_BOOL_CONVERSION = YES;
				CLANG_WARN_COMMA = YES;
				CLANG_WARN_CONSTANT_CONVERSION = YES;
				CLANG_WARN_DEPRECATED_OBJC_IMPLEMENTATIONS = YES;
				CLANG_WARN_DIRECT_OBJC_ISA_USAGE = YES_ERROR;
				CLANG_WARN_DOCUMENTATION_COMMENTS = YES;
				CLANG_WARN_EMPTY_BODY = YES;
				CLANG_WARN_ENUM_CONVERSION = YES;
				CLANG_WARN_INFINITE_RECURSION = YES;
				CLANG_WARN_INT_CONVERSION = YES;
				CLANG_WARN_NON_LITERAL_NULL_CONVERSION = YES;
				CLANG_WARN_OBJC_IMPLICIT_RETAIN_SELF = YES;
				CLANG_WARN_OBJC_LITERAL_CONVERSION = YES;
				CLANG_WARN_OBJC_ROOT_CLASS = YES_ERROR;
				CLANG_WARN_QUOTED_INCLUDE_IN_FRAMEWORK_HEADER = YES;
				CLANG_WARN_RANGE_LOOP_ANALYSIS = YES;
				CLANG_WARN_STRICT_PROTOTYPES = YES;
				CLANG_WARN_SUSPICIOUS_MOVE = YES;
				CLANG_WARN_UNGUARDED_AVAILABILITY = YES_AGGRESSIVE;
				CLANG_WARN_UNREACHABLE_CODE = YES;
				CLANG_WARN__DUPLICATE_METHOD_MATCH = YES;
				COPY_PHASE_STRIP = NO;
				DEBUG_INFORMATION_FORMAT = "dwarf-with-dsym";
				ENABLE_NS_ASSERTIONS = NO;
				ENABLE_STRICT_OBJC_MSGSEND = YES;
				GCC_C_LANGUAGE_STANDARD = gnu11;
				GCC_NO_COMMON_BLOCKS = YES;
				GCC_WARN_64_TO_32_BIT_CONVERSION = YES;
				GCC_WARN_ABOUT_RETURN_TYPE = YES_ERROR;
				GCC_WARN_UNDECLARED_SELECTOR = YES;
				GCC_WARN_UNINITIALIZED_AUTOS = YES_AGGRESSIVE;
				GCC_WARN_UNUSED_FUNCTION = YES;
				GCC_WARN_UNUSED_VARIABLE = YES;
				IPHONEOS_DEPLOYMENT_TARGET = 16.2;
				MTL_ENABLE_DEBUG_INFO = NO;
				MTL_FAST_MATH = YES;
				SDKROOT = iphoneos;
				SWIFT_COMPILATION_MODE = wholemodule;
				SWIFT_OPTIMIZATION_LEVEL = "-O";
				VALIDATE_PRODUCT = YES;
			};
			name = Release;
		};
		C12E10A1296EC50C006D349D /* Debug */ = {
			isa = XCBuildConfiguration;
			buildSettings = {
				ASSETCATALOG_COMPILER_APPICON_NAME = AppIcon;
				ASSETCATALOG_COMPILER_GLOBAL_ACCENT_COLOR_NAME = AccentColor;
				CODE_SIGN_STYLE = Automatic;
				CURRENT_PROJECT_VERSION = 1;
				DEVELOPMENT_TEAM = FC2H7BL22V;
				GENERATE_INFOPLIST_FILE = YES;
				INFOPLIST_FILE = Tap/Info.plist;
				INFOPLIST_KEY_UIApplicationSupportsIndirectInputEvents = YES;
				INFOPLIST_KEY_UILaunchStoryboardName = LaunchScreen;
				INFOPLIST_KEY_UIMainStoryboardFile = Main;
				INFOPLIST_KEY_UISupportedInterfaceOrientations_iPad = "UIInterfaceOrientationPortrait UIInterfaceOrientationPortraitUpsideDown UIInterfaceOrientationLandscapeLeft UIInterfaceOrientationLandscapeRight";
				INFOPLIST_KEY_UISupportedInterfaceOrientations_iPhone = "UIInterfaceOrientationPortrait UIInterfaceOrientationLandscapeLeft UIInterfaceOrientationLandscapeRight";
				LD_RUNPATH_SEARCH_PATHS = (
					"$(inherited)",
					"@executable_path/Frameworks",
				);
				MARKETING_VERSION = 1.0;
				PRODUCT_BUNDLE_IDENTIFIER = com.demo.Tap;
				PRODUCT_NAME = "$(TARGET_NAME)";
				SWIFT_EMIT_LOC_STRINGS = YES;
				SWIFT_VERSION = 5.0;
				TARGETED_DEVICE_FAMILY = "1,2";
			};
			name = Debug;
		};
		C12E10A2296EC50C006D349D /* Release */ = {
			isa = XCBuildConfiguration;
			buildSettings = {
				ASSETCATALOG_COMPILER_APPICON_NAME = AppIcon;
				ASSETCATALOG_COMPILER_GLOBAL_ACCENT_COLOR_NAME = AccentColor;
				CODE_SIGN_STYLE = Automatic;
				CURRENT_PROJECT_VERSION = 1;
				DEVELOPMENT_TEAM = FC2H7BL22V;
				GENERATE_INFOPLIST_FILE = YES;
				INFOPLIST_FILE = Tap/Info.plist;
				INFOPLIST_KEY_UIApplicationSupportsIndirectInputEvents = YES;
				INFOPLIST_KEY_UILaunchStoryboardName = LaunchScreen;
				INFOPLIST_KEY_UIMainStoryboardFile = Main;
				INFOPLIST_KEY_UISupportedInterfaceOrientations_iPad = "UIInterfaceOrientationPortrait UIInterfaceOrientationPortraitUpsideDown UIInterfaceOrientationLandscapeLeft UIInterfaceOrientationLandscapeRight";
				INFOPLIST_KEY_UISupportedInterfaceOrientations_iPhone = "UIInterfaceOrientationPortrait UIInterfaceOrientationLandscapeLeft UIInterfaceOrientationLandscapeRight";
				LD_RUNPATH_SEARCH_PATHS = (
					"$(inherited)",
					"@executable_path/Frameworks",
				);
				MARKETING_VERSION = 1.0;
				PRODUCT_BUNDLE_IDENTIFIER = com.demo.Tap;
				PRODUCT_NAME = "$(TARGET_NAME)";
				SWIFT_EMIT_LOC_STRINGS = YES;
				SWIFT_VERSION = 5.0;
				TARGETED_DEVICE_FAMILY = "1,2";
			};
			name = Release;
		};
/* End XCBuildConfiguration section */

/* Begin XCConfigurationList section */
		C12E1084296EC507006D349D /* Build configuration list for PBXProject "Tap" */ = {
			isa = XCConfigurationList;
			buildConfigurations = (
				C12E109E296EC50C006D349D /* Debug */,
				C12E109F296EC50C006D349D /* Release */,
			);
			defaultConfigurationIsVisible = 0;
			defaultConfigurationName = Release;
		};
		C12E10A0296EC50C006D349D /* Build configuration list for PBXNativeTarget "Tap" */ = {
			isa = XCConfigurationList;
			buildConfigurations = (
				C12E10A1296EC50C006D349D /* Debug */,
				C12E10A2296EC50C006D349D /* Release */,
			);
			defaultConfigurationIsVisible = 0;
			defaultConfigurationName = Release;
		};
/* End XCConfigurationList section */

/* Begin XCVersionGroup section */
		C12E1095296EC508006D349D /* Tap.xcdatamodeld */ = {
			isa = XCVersionGroup;
			children = (
				C12E1096296EC508006D349D /* Tap.xcdatamodel */,
			);
			currentVersion = C12E1096296EC508006D349D /* Tap.xcdatamodel */;
			path = Tap.xcdatamodeld;
			sourceTree = "<group>";
			versionGroupType = wrapper.xcdatamodel;
		};
/* End XCVersionGroup section */
	};
	rootObject = C12E1081296EC507006D349D /* Project object */;
}
